
Microsoft Visual Studio Solution File, Format Version 10.00
# Visual C++ Express 2008
Project("{8BC9CEB8-8B4A-11D0-8D11-00A0C91BC942}") = "FrontPanelTest", "FrontPanelTest.vcproj", "{F9583457-34AD-44BD-9A55-ECBF3016292A}"
	ProjectSection(ProjectDependencies) = postProject
		{D5D873F7-D286-43E7-958A-3D838FAA0856} = {D5D873F7-D286-43E7-958A-3D838FAA0856}
	EndProjectSection
EndProject
Project("{8BC9CEB8-8B4A-11D0-8D11-00A0C91BC942}") = "VAX", "VAX.vcproj", "{D5D873F7-D286-43E7-958A-3D838FAA0856}"
	ProjectSection(ProjectDependencies) = postProject
		{D40F3AF1-EEE7-4432-9807-2AD287B490F8} = {D40F3AF1-EEE7-4432-9807-2AD287B490F8}
	EndProjectSection
EndProject
Project("{8BC9CEB8-8B4A-11D0-8D11-00A0C91BC942}") = "BuildROMs", "BuildROMs.vcproj", "{D40F3AF1-EEE7-4432-9807-2AD287B490F8}"
EndProject
Global
	GlobalSection(SolutionConfigurationPlatforms) = preSolution
		Debug|Win32 = Debug|Win32
		Release|Win32 = Release|Win32
	EndGlobalSection
	GlobalSection(ProjectConfigurationPlatforms) = postSolution
		{F9583457-34AD-44BD-9A55-ECBF3016292A}.Debug|Win32.ActiveCfg = Debug|Win32
		{F9583457-34AD-44BD-9A55-ECBF3016292A}.Debug|Win32.Build.0 = Debug|Win32
		{F9583457-34AD-44BD-9A55-ECBF3016292A}.Release|Win32.ActiveCfg = Release|Win32
		{F9583457-34AD-44BD-9A55-ECBF3016292A}.Release|Win32.Build.0 = Release|Win32
		{D5D873F7-D286-43E7-958A-3D838FAA0856}.Debug|Win32.ActiveCfg = Debug|Win32
		{D5D873F7-D286-43E7-958A-3D838FAA0856}.Debug|Win32.Build.0 = Debug|Win32
		{D5D873F7-D286-43E7-958A-3D838FAA0856}.Release|Win32.ActiveCfg = Release|Win32
		{D5D873F7-D286-43E7-958A-3D838FAA0856}.Release|Win32.Build.0 = Release|Win32
		{D40F3AF1-EEE7-4432-9807-2AD287B490F8}.Debug|Win32.ActiveCfg = Debug|Win32
		{D40F3AF1-EEE7-4432-9807-2AD287B490F8}.Debug|Win32.Build.0 = Debug|Win32
		{D40F3AF1-EEE7-4432-9807-2AD287B490F8}.Release|Win32.ActiveCfg = Release|Win32
		{D40F3AF1-EEE7-4432-9807-2AD287B490F8}.Release|Win32.Build.0 = Release|Win32
	EndGlobalSection
	GlobalSection(SolutionProperties) = preSolution
		HideSolutionNode = FALSE
	EndGlobalSection
EndGlobal
