
Microsoft Visual Studio Solution File, Format Version 10.00
# Visual C++ Express 2008
Project("{8BC9CEB8-8B4A-11D0-8D11-00A0C91BC942}") = "VAX", "VAX.vcproj", "{D5D873F7-D286-43E7-958A-3D838FAA0856}"
	ProjectSection(ProjectDependencies) = postProject
		{D40F3AF1-EEE7-4432-9807-2AD287B490F8} = {D40F3AF1-EEE7-4432-9807-2AD287B490F8}
	EndProjectSection
EndProject
Project("{8BC9CEB8-8B4A-11D0-8D11-00A0C91BC942}") = "VAX780", "VAX780.vcproj", "{D5D873F7-D286-43E7-958A-3D83DEADBEEF}"
	ProjectSection(ProjectDependencies) = postProject
		{D40F3AF1-EEE7-4432-9807-2AD287B490F8} = {D40F3AF1-EEE7-4432-9807-2AD287B490F8}
	EndProjectSection
EndProject
Project("{8BC9CEB8-8B4A-11D0-8D11-00A0C91BC942}") = "AltairZ80", "AltairZ80.vcproj", "{BC7F37AD-7414-43C3-829D-214CD1113D67}"
EndProject
Project("{8BC9CEB8-8B4A-11D0-8D11-00A0C91BC942}") = "Altair", "ALTAIR.vcproj", "{1C602310-C406-4446-85C3-E5AE0E836120}"
EndProject
Project("{8BC9CEB8-8B4A-11D0-8D11-00A0C91BC942}") = "GRI", "GRI.vcproj", "{611E140C-8403-4FD8-AF53-CE01C8452B34}"
EndProject
Project("{8BC9CEB8-8B4A-11D0-8D11-00A0C91BC942}") = "HP2100", "HP2100.vcproj", "{7A9428F5-593C-4217-B8FE-980E249D3DB9}"
EndProject
Project("{8BC9CEB8-8B4A-11D0-8D11-00A0C91BC942}") = "H316", "H316.vcproj", "{C915B408-80D8-4925-BF7B-0469436B33BF}"
EndProject
Project("{8BC9CEB8-8B4A-11D0-8D11-00A0C91BC942}") = "ID16", "ID16.vcproj", "{D90C77B3-A3E7-40D3-BB88-18A4EF1C001D}"
EndProject
Project("{8BC9CEB8-8B4A-11D0-8D11-00A0C91BC942}") = "ID32", "ID32.vcproj", "{324EF17B-1683-48B5-824D-FACF17AEB27B}"
EndProject
Project("{8BC9CEB8-8B4A-11D0-8D11-00A0C91BC942}") = "PDP8", "PDP8.vcproj", "{5EB65E13-1E6A-46A4-B7FE-EC87F8702067}"
EndProject
Project("{8BC9CEB8-8B4A-11D0-8D11-00A0C91BC942}") = "PDP10", "PDP10.vcproj", "{A39C0AFE-BDE5-4236-B740-AC710FCA1DA2}"
EndProject
Project("{8BC9CEB8-8B4A-11D0-8D11-00A0C91BC942}") = "S3", "S3.vcproj", "{927C3BD9-BD0C-4A23-99F9-573A40236509}"
EndProject
Project("{8BC9CEB8-8B4A-11D0-8D11-00A0C91BC942}") = "SDS", "SDS.vcproj", "{750762C6-A2AF-40BA-A006-5E68002C1E87}"
EndProject
Project("{8BC9CEB8-8B4A-11D0-8D11-00A0C91BC942}") = "PDP11", "PDP11.vcproj", "{49499E1B-5019-4B98-9DC7-2E73306D5578}"
EndProject
Project("{8BC9CEB8-8B4A-11D0-8D11-00A0C91BC942}") = "PDP1", "PDP1.vcproj", "{CB017838-5DC5-4B9D-A8F7-7B36AA4A3331}"
EndProject
Project("{8BC9CEB8-8B4A-11D0-8D11-00A0C91BC942}") = "I1401", "I1401.vcproj", "{C92737AD-07CC-492F-AA76-D169CEF5BBAB}"
EndProject
Project("{8BC9CEB8-8B4A-11D0-8D11-00A0C91BC942}") = "I1620", "I1620.vcproj", "{089C9C0B-C4F7-4923-86C4-F14BF5D61821}"
EndProject
Project("{8BC9CEB8-8B4A-11D0-8D11-00A0C91BC942}") = "IBM1130", "IBM1130.vcproj", "{D593C954-5115-4D15-ABDB-01B66006FF6F}"
EndProject
Project("{8BC9CEB8-8B4A-11D0-8D11-00A0C91BC942}") = "PDP15", "PDP15.vcproj", "{44C07AA4-6D56-45ED-8393-18A23E76B758}"
EndProject
Project("{8BC9CEB8-8B4A-11D0-8D11-00A0C91BC942}") = "PDP9", "PDP9.vcproj", "{9D589BCA-9E10-4FFA-B43F-DDFA91C1C098}"
EndProject
Project("{8BC9CEB8-8B4A-11D0-8D11-00A0C91BC942}") = "PDP7", "PDP7.vcproj", "{0F8B9E39-56A7-45BE-A68F-04F7EB8EF8A3}"
EndProject
Project("{8BC9CEB8-8B4A-11D0-8D11-00A0C91BC942}") = "PDP4", "PDP4.vcproj", "{C51841F3-BD47-41C3-946C-20F893FB5A23}"
EndProject
Project("{8BC9CEB8-8B4A-11D0-8D11-00A0C91BC942}") = "NOVA", "NOVA.vcproj", "{9B55ACBB-C29A-40EB-98BF-D1047912389E}"
EndProject
Project("{8BC9CEB8-8B4A-11D0-8D11-00A0C91BC942}") = "ECLIPSE", "ECLIPSE.vcproj", "{FF632F3D-9F62-481D-A5C7-AD090F46143C}"
EndProject
Project("{8BC9CEB8-8B4A-11D0-8D11-00A0C91BC942}") = "lgp", "lgp.vcproj", "{927C3BD9-BD0C-4A23-99F9-5ABC40236509}"
EndProject
Project("{8BC9CEB8-8B4A-11D0-8D11-00A0C91BC942}") = "I7094", "I7094.vcproj", "{927C3BD9-BD0C-4A23-99F9-DEAD402BEEF9}"
EndProject
Project("{8BC9CEB8-8B4A-11D0-8D11-00A0C91BC942}") = "swtp6800mp-a", "swtp6800mp-a.vcproj", "{0ABAF350-853E-4A8F-8435-B583E29FB78C}"
EndProject
Project("{8BC9CEB8-8B4A-11D0-8D11-00A0C91BC942}") = "swtp6800mp-a2", "swtp6800mp-a2.vcproj", "{A0BAF350-853E-4A8F-8435-B583E29FFACE}"
EndProject
Project("{8BC9CEB8-8B4A-11D0-8D11-00A0C91BC942}") = "BuildROMs", "BuildROMs.vcproj", "{D40F3AF1-EEE7-4432-9807-2AD287B490F8}"
EndProject
Project("{8BC9CEB8-8B4A-11D0-8D11-00A0C91BC942}") = "VAX730", "VAX730.vcproj", "{C526F7F2-9476-44BC-B1E9-9522B693BEA7}"
	ProjectSection(ProjectDependencies) = postProject
		{D40F3AF1-EEE7-4432-9807-2AD287B490F8} = {D40F3AF1-EEE7-4432-9807-2AD287B490F8}
	EndProjectSection
EndProject
Project("{8BC9CEB8-8B4A-11D0-8D11-00A0C91BC942}") = "VAX750", "VAX750.vcproj", "{43A9CF64-5705-4FB7-B837-ED9AAFF97DAC}"
	ProjectSection(ProjectDependencies) = postProject
		{D40F3AF1-EEE7-4432-9807-2AD287B490F8} = {D40F3AF1-EEE7-4432-9807-2AD287B490F8}
	EndProjectSection
EndProject
Project("{8BC9CEB8-8B4A-11D0-8D11-00A0C91BC942}") = "MicroVAX1", "MicroVAX1.vcproj", "{B3671ABB-4FFF-4EEB-8A5B-06716C9BCE9E}"
	ProjectSection(ProjectDependencies) = postProject
		{D40F3AF1-EEE7-4432-9807-2AD287B490F8} = {D40F3AF1-EEE7-4432-9807-2AD287B490F8}
	EndProjectSection
EndProject
Project("{8BC9CEB8-8B4A-11D0-8D11-00A0C91BC942}") = "rtVAX1000", "rtVAX1000.vcproj", "{E359921B-DC18-42ED-AFB9-1FC603B9C1B3}"
	ProjectSection(ProjectDependencies) = postProject
		{D40F3AF1-EEE7-4432-9807-2AD287B490F8} = {D40F3AF1-EEE7-4432-9807-2AD287B490F8}
	EndProjectSection
EndProject
Project("{8BC9CEB8-8B4A-11D0-8D11-00A0C91BC942}") = "MicroVAX2", "MicroVAX2.vcproj", "{3048F582-98C9-447D-BBB9-6F969467D4EA}"
	ProjectSection(ProjectDependencies) = postProject
		{D40F3AF1-EEE7-4432-9807-2AD287B490F8} = {D40F3AF1-EEE7-4432-9807-2AD287B490F8}
	EndProjectSection
EndProject
Project("{8BC9CEB8-8B4A-11D0-8D11-00A0C91BC942}") = "TX-0", "TX-0.vcproj", "{24BC7F75-FB56-44A9-BB7C-78AE6A694D0C}"
EndProject
Project("{8BC9CEB8-8B4A-11D0-8D11-00A0C91BC942}") = "VAX8600", "VAX8600.vcproj", "{F5C22D72-460E-43CD-9AC6-6D6AC517BD1F}"
	ProjectSection(ProjectDependencies) = postProject
		{D40F3AF1-EEE7-4432-9807-2AD287B490F8} = {D40F3AF1-EEE7-4432-9807-2AD287B490F8}
	EndProjectSection
EndProject
Project("{8BC9CEB8-8B4A-11D0-8D11-00A0C91BC942}") = "SSEM", "SSEM.vcproj", "{48DA6BA8-23E1-4F0D-959C-48C8576494DA}"
EndProject
Global
	GlobalSection(SolutionConfigurationPlatforms) = preSolution
		Debug|Win32 = Debug|Win32
		Release|Win32 = Release|Win32
	EndGlobalSection
	GlobalSection(ProjectConfigurationPlatforms) = postSolution
		{D5D873F7-D286-43E7-958A-3D838FAA0856}.Debug|Win32.ActiveCfg = Debug|Win32
		{D5D873F7-D286-43E7-958A-3D838FAA0856}.Debug|Win32.Build.0 = Debug|Win32
		{D5D873F7-D286-43E7-958A-3D838FAA0856}.Release|Win32.ActiveCfg = Release|Win32
		{D5D873F7-D286-43E7-958A-3D838FAA0856}.Release|Win32.Build.0 = Release|Win32
		{D5D873F7-D286-43E7-958A-3D83DEADBEEF}.Debug|Win32.ActiveCfg = Debug|Win32
		{D5D873F7-D286-43E7-958A-3D83DEADBEEF}.Debug|Win32.Build.0 = Debug|Win32
		{D5D873F7-D286-43E7-958A-3D83DEADBEEF}.Release|Win32.ActiveCfg = Release|Win32
		{D5D873F7-D286-43E7-958A-3D83DEADBEEF}.Release|Win32.Build.0 = Release|Win32
		{BC7F37AD-7414-43C3-829D-214CD1113D67}.Debug|Win32.ActiveCfg = Debug|Win32
		{BC7F37AD-7414-43C3-829D-214CD1113D67}.Debug|Win32.Build.0 = Debug|Win32
		{BC7F37AD-7414-43C3-829D-214CD1113D67}.Release|Win32.ActiveCfg = Release|Win32
		{BC7F37AD-7414-43C3-829D-214CD1113D67}.Release|Win32.Build.0 = Release|Win32
		{1C602310-C406-4446-85C3-E5AE0E836120}.Debug|Win32.ActiveCfg = Debug|Win32
		{1C602310-C406-4446-85C3-E5AE0E836120}.Debug|Win32.Build.0 = Debug|Win32
		{1C602310-C406-4446-85C3-E5AE0E836120}.Release|Win32.ActiveCfg = Release|Win32
		{1C602310-C406-4446-85C3-E5AE0E836120}.Release|Win32.Build.0 = Release|Win32
		{611E140C-8403-4FD8-AF53-CE01C8452B34}.Debug|Win32.ActiveCfg = Debug|Win32
		{611E140C-8403-4FD8-AF53-CE01C8452B34}.Debug|Win32.Build.0 = Debug|Win32
		{611E140C-8403-4FD8-AF53-CE01C8452B34}.Release|Win32.ActiveCfg = Release|Win32
		{611E140C-8403-4FD8-AF53-CE01C8452B34}.Release|Win32.Build.0 = Release|Win32
		{7A9428F5-593C-4217-B8FE-980E249D3DB9}.Debug|Win32.ActiveCfg = Debug|Win32
		{7A9428F5-593C-4217-B8FE-980E249D3DB9}.Debug|Win32.Build.0 = Debug|Win32
		{7A9428F5-593C-4217-B8FE-980E249D3DB9}.Release|Win32.ActiveCfg = Release|Win32
		{7A9428F5-593C-4217-B8FE-980E249D3DB9}.Release|Win32.Build.0 = Release|Win32
		{C915B408-80D8-4925-BF7B-0469436B33BF}.Debug|Win32.ActiveCfg = Debug|Win32
		{C915B408-80D8-4925-BF7B-0469436B33BF}.Debug|Win32.Build.0 = Debug|Win32
		{C915B408-80D8-4925-BF7B-0469436B33BF}.Release|Win32.ActiveCfg = Release|Win32
		{C915B408-80D8-4925-BF7B-0469436B33BF}.Release|Win32.Build.0 = Release|Win32
		{D90C77B3-A3E7-40D3-BB88-18A4EF1C001D}.Debug|Win32.ActiveCfg = Debug|Win32
		{D90C77B3-A3E7-40D3-BB88-18A4EF1C001D}.Debug|Win32.Build.0 = Debug|Win32
		{D90C77B3-A3E7-40D3-BB88-18A4EF1C001D}.Release|Win32.ActiveCfg = Release|Win32
		{D90C77B3-A3E7-40D3-BB88-18A4EF1C001D}.Release|Win32.Build.0 = Release|Win32
		{324EF17B-1683-48B5-824D-FACF17AEB27B}.Debug|Win32.ActiveCfg = Debug|Win32
		{324EF17B-1683-48B5-824D-FACF17AEB27B}.Debug|Win32.Build.0 = Debug|Win32
		{324EF17B-1683-48B5-824D-FACF17AEB27B}.Release|Win32.ActiveCfg = Release|Win32
		{324EF17B-1683-48B5-824D-FACF17AEB27B}.Release|Win32.Build.0 = Release|Win32
		{5EB65E13-1E6A-46A4-B7FE-EC87F8702067}.Debug|Win32.ActiveCfg = Debug|Win32
		{5EB65E13-1E6A-46A4-B7FE-EC87F8702067}.Debug|Win32.Build.0 = Debug|Win32
		{5EB65E13-1E6A-46A4-B7FE-EC87F8702067}.Release|Win32.ActiveCfg = Release|Win32
		{5EB65E13-1E6A-46A4-B7FE-EC87F8702067}.Release|Win32.Build.0 = Release|Win32
		{A39C0AFE-BDE5-4236-B740-AC710FCA1DA2}.Debug|Win32.ActiveCfg = Debug|Win32
		{A39C0AFE-BDE5-4236-B740-AC710FCA1DA2}.Debug|Win32.Build.0 = Debug|Win32
		{A39C0AFE-BDE5-4236-B740-AC710FCA1DA2}.Release|Win32.ActiveCfg = Release|Win32
		{A39C0AFE-BDE5-4236-B740-AC710FCA1DA2}.Release|Win32.Build.0 = Release|Win32
		{927C3BD9-BD0C-4A23-99F9-573A40236509}.Debug|Win32.ActiveCfg = Debug|Win32
		{927C3BD9-BD0C-4A23-99F9-573A40236509}.Debug|Win32.Build.0 = Debug|Win32
		{927C3BD9-BD0C-4A23-99F9-573A40236509}.Release|Win32.ActiveCfg = Release|Win32
		{927C3BD9-BD0C-4A23-99F9-573A40236509}.Release|Win32.Build.0 = Release|Win32
		{750762C6-A2AF-40BA-A006-5E68002C1E87}.Debug|Win32.ActiveCfg = Debug|Win32
		{750762C6-A2AF-40BA-A006-5E68002C1E87}.Debug|Win32.Build.0 = Debug|Win32
		{750762C6-A2AF-40BA-A006-5E68002C1E87}.Release|Win32.ActiveCfg = Release|Win32
		{750762C6-A2AF-40BA-A006-5E68002C1E87}.Release|Win32.Build.0 = Release|Win32
		{49499E1B-5019-4B98-9DC7-2E73306D5578}.Debug|Win32.ActiveCfg = Debug|Win32
		{49499E1B-5019-4B98-9DC7-2E73306D5578}.Debug|Win32.Build.0 = Debug|Win32
		{49499E1B-5019-4B98-9DC7-2E73306D5578}.Release|Win32.ActiveCfg = Release|Win32
		{49499E1B-5019-4B98-9DC7-2E73306D5578}.Release|Win32.Build.0 = Release|Win32
		{CB017838-5DC5-4B9D-A8F7-7B36AA4A3331}.Debug|Win32.ActiveCfg = Debug|Win32
		{CB017838-5DC5-4B9D-A8F7-7B36AA4A3331}.Debug|Win32.Build.0 = Debug|Win32
		{CB017838-5DC5-4B9D-A8F7-7B36AA4A3331}.Release|Win32.ActiveCfg = Release|Win32
		{CB017838-5DC5-4B9D-A8F7-7B36AA4A3331}.Release|Win32.Build.0 = Release|Win32
		{C92737AD-07CC-492F-AA76-D169CEF5BBAB}.Debug|Win32.ActiveCfg = Debug|Win32
		{C92737AD-07CC-492F-AA76-D169CEF5BBAB}.Debug|Win32.Build.0 = Debug|Win32
		{C92737AD-07CC-492F-AA76-D169CEF5BBAB}.Release|Win32.ActiveCfg = Release|Win32
		{C92737AD-07CC-492F-AA76-D169CEF5BBAB}.Release|Win32.Build.0 = Release|Win32
		{089C9C0B-C4F7-4923-86C4-F14BF5D61821}.Debug|Win32.ActiveCfg = Debug|Win32
		{089C9C0B-C4F7-4923-86C4-F14BF5D61821}.Debug|Win32.Build.0 = Debug|Win32
		{089C9C0B-C4F7-4923-86C4-F14BF5D61821}.Release|Win32.ActiveCfg = Release|Win32
		{089C9C0B-C4F7-4923-86C4-F14BF5D61821}.Release|Win32.Build.0 = Release|Win32
		{D593C954-5115-4D15-ABDB-01B66006FF6F}.Debug|Win32.ActiveCfg = Debug|Win32
		{D593C954-5115-4D15-ABDB-01B66006FF6F}.Debug|Win32.Build.0 = Debug|Win32
		{D593C954-5115-4D15-ABDB-01B66006FF6F}.Release|Win32.ActiveCfg = Release|Win32
		{D593C954-5115-4D15-ABDB-01B66006FF6F}.Release|Win32.Build.0 = Release|Win32
		{44C07AA4-6D56-45ED-8393-18A23E76B758}.Debug|Win32.ActiveCfg = Debug|Win32
		{44C07AA4-6D56-45ED-8393-18A23E76B758}.Debug|Win32.Build.0 = Debug|Win32
		{44C07AA4-6D56-45ED-8393-18A23E76B758}.Release|Win32.ActiveCfg = Release|Win32
		{44C07AA4-6D56-45ED-8393-18A23E76B758}.Release|Win32.Build.0 = Release|Win32
		{9D589BCA-9E10-4FFA-B43F-DDFA91C1C098}.Debug|Win32.ActiveCfg = Debug|Win32
		{9D589BCA-9E10-4FFA-B43F-DDFA91C1C098}.Debug|Win32.Build.0 = Debug|Win32
		{9D589BCA-9E10-4FFA-B43F-DDFA91C1C098}.Release|Win32.ActiveCfg = Release|Win32
		{9D589BCA-9E10-4FFA-B43F-DDFA91C1C098}.Release|Win32.Build.0 = Release|Win32
		{0F8B9E39-56A7-45BE-A68F-04F7EB8EF8A3}.Debug|Win32.ActiveCfg = Debug|Win32
		{0F8B9E39-56A7-45BE-A68F-04F7EB8EF8A3}.Debug|Win32.Build.0 = Debug|Win32
		{0F8B9E39-56A7-45BE-A68F-04F7EB8EF8A3}.Release|Win32.ActiveCfg = Release|Win32
		{0F8B9E39-56A7-45BE-A68F-04F7EB8EF8A3}.Release|Win32.Build.0 = Release|Win32
		{C51841F3-BD47-41C3-946C-20F893FB5A23}.Debug|Win32.ActiveCfg = Debug|Win32
		{C51841F3-BD47-41C3-946C-20F893FB5A23}.Debug|Win32.Build.0 = Debug|Win32
		{C51841F3-BD47-41C3-946C-20F893FB5A23}.Release|Win32.ActiveCfg = Release|Win32
		{C51841F3-BD47-41C3-946C-20F893FB5A23}.Release|Win32.Build.0 = Release|Win32
		{9B55ACBB-C29A-40EB-98BF-D1047912389E}.Debug|Win32.ActiveCfg = Debug|Win32
		{9B55ACBB-C29A-40EB-98BF-D1047912389E}.Debug|Win32.Build.0 = Debug|Win32
		{9B55ACBB-C29A-40EB-98BF-D1047912389E}.Release|Win32.ActiveCfg = Release|Win32
		{9B55ACBB-C29A-40EB-98BF-D1047912389E}.Release|Win32.Build.0 = Release|Win32
		{FF632F3D-9F62-481D-A5C7-AD090F46143C}.Debug|Win32.ActiveCfg = Debug|Win32
		{FF632F3D-9F62-481D-A5C7-AD090F46143C}.Debug|Win32.Build.0 = Debug|Win32
		{FF632F3D-9F62-481D-A5C7-AD090F46143C}.Release|Win32.ActiveCfg = Release|Win32
		{FF632F3D-9F62-481D-A5C7-AD090F46143C}.Release|Win32.Build.0 = Release|Win32
		{927C3BD9-BD0C-4A23-99F9-5ABC40236509}.Debug|Win32.ActiveCfg = Debug|Win32
		{927C3BD9-BD0C-4A23-99F9-5ABC40236509}.Debug|Win32.Build.0 = Debug|Win32
		{927C3BD9-BD0C-4A23-99F9-5ABC40236509}.Release|Win32.ActiveCfg = Release|Win32
		{927C3BD9-BD0C-4A23-99F9-5ABC40236509}.Release|Win32.Build.0 = Release|Win32
		{927C3BD9-BD0C-4A23-99F9-DEAD402BEEF9}.Debug|Win32.ActiveCfg = Debug|Win32
		{927C3BD9-BD0C-4A23-99F9-DEAD402BEEF9}.Debug|Win32.Build.0 = Debug|Win32
		{927C3BD9-BD0C-4A23-99F9-DEAD402BEEF9}.Release|Win32.ActiveCfg = Release|Win32
		{927C3BD9-BD0C-4A23-99F9-DEAD402BEEF9}.Release|Win32.Build.0 = Release|Win32
		{0ABAF350-853E-4A8F-8435-B583E29FB78C}.Debug|Win32.ActiveCfg = Debug|Win32
		{0ABAF350-853E-4A8F-8435-B583E29FB78C}.Debug|Win32.Build.0 = Debug|Win32
		{0ABAF350-853E-4A8F-8435-B583E29FB78C}.Release|Win32.ActiveCfg = Release|Win32
		{0ABAF350-853E-4A8F-8435-B583E29FB78C}.Release|Win32.Build.0 = Release|Win32
		{A0BAF350-853E-4A8F-8435-B583E29FFACE}.Debug|Win32.ActiveCfg = Debug|Win32
		{A0BAF350-853E-4A8F-8435-B583E29FFACE}.Debug|Win32.Build.0 = Debug|Win32
		{A0BAF350-853E-4A8F-8435-B583E29FFACE}.Release|Win32.ActiveCfg = Release|Win32
		{A0BAF350-853E-4A8F-8435-B583E29FFACE}.Release|Win32.Build.0 = Release|Win32
		{D40F3AF1-EEE7-4432-9807-2AD287B490F8}.Debug|Win32.ActiveCfg = Debug|Win32
		{D40F3AF1-EEE7-4432-9807-2AD287B490F8}.Debug|Win32.Build.0 = Debug|Win32
		{D40F3AF1-EEE7-4432-9807-2AD287B490F8}.Release|Win32.ActiveCfg = Release|Win32
		{D40F3AF1-EEE7-4432-9807-2AD287B490F8}.Release|Win32.Build.0 = Release|Win32
		{C526F7F2-9476-44BC-B1E9-9522B693BEA7}.Debug|Win32.ActiveCfg = Debug|Win32
		{C526F7F2-9476-44BC-B1E9-9522B693BEA7}.Debug|Win32.Build.0 = Debug|Win32
		{C526F7F2-9476-44BC-B1E9-9522B693BEA7}.Release|Win32.ActiveCfg = Release|Win32
		{C526F7F2-9476-44BC-B1E9-9522B693BEA7}.Release|Win32.Build.0 = Release|Win32
		{43A9CF64-5705-4FB7-B837-ED9AAFF97DAC}.Debug|Win32.ActiveCfg = Debug|Win32
		{43A9CF64-5705-4FB7-B837-ED9AAFF97DAC}.Debug|Win32.Build.0 = Debug|Win32
		{43A9CF64-5705-4FB7-B837-ED9AAFF97DAC}.Release|Win32.ActiveCfg = Release|Win32
		{43A9CF64-5705-4FB7-B837-ED9AAFF97DAC}.Release|Win32.Build.0 = Release|Win32
		{B3671ABB-4FFF-4EEB-8A5B-06716C9BCE9E}.Debug|Win32.ActiveCfg = Debug|Win32
		{B3671ABB-4FFF-4EEB-8A5B-06716C9BCE9E}.Debug|Win32.Build.0 = Debug|Win32
		{B3671ABB-4FFF-4EEB-8A5B-06716C9BCE9E}.Release|Win32.ActiveCfg = Release|Win32
		{B3671ABB-4FFF-4EEB-8A5B-06716C9BCE9E}.Release|Win32.Build.0 = Release|Win32
		{E359921B-DC18-42ED-AFB9-1FC603B9C1B3}.Debug|Win32.ActiveCfg = Debug|Win32
		{E359921B-DC18-42ED-AFB9-1FC603B9C1B3}.Debug|Win32.Build.0 = Debug|Win32
		{E359921B-DC18-42ED-AFB9-1FC603B9C1B3}.Release|Win32.ActiveCfg = Release|Win32
		{E359921B-DC18-42ED-AFB9-1FC603B9C1B3}.Release|Win32.Build.0 = Release|Win32
		{3048F582-98C9-447D-BBB9-6F969467D4EA}.Debug|Win32.ActiveCfg = Debug|Win32
		{3048F582-98C9-447D-BBB9-6F969467D4EA}.Debug|Win32.Build.0 = Debug|Win32
		{3048F582-98C9-447D-BBB9-6F969467D4EA}.Release|Win32.ActiveCfg = Release|Win32
		{3048F582-98C9-447D-BBB9-6F969467D4EA}.Release|Win32.Build.0 = Release|Win32
		{24BC7F75-FB56-44A9-BB7C-78AE6A694D0C}.Debug|Win32.ActiveCfg = Debug|Win32
		{24BC7F75-FB56-44A9-BB7C-78AE6A694D0C}.Debug|Win32.Build.0 = Debug|Win32
		{24BC7F75-FB56-44A9-BB7C-78AE6A694D0C}.Release|Win32.ActiveCfg = Release|Win32
		{24BC7F75-FB56-44A9-BB7C-78AE6A694D0C}.Release|Win32.Build.0 = Release|Win32
		{F5C22D72-460E-43CD-9AC6-6D6AC517BD1F}.Debug|Win32.ActiveCfg = Debug|Win32
		{F5C22D72-460E-43CD-9AC6-6D6AC517BD1F}.Debug|Win32.Build.0 = Debug|Win32
		{F5C22D72-460E-43CD-9AC6-6D6AC517BD1F}.Release|Win32.ActiveCfg = Release|Win32
		{F5C22D72-460E-43CD-9AC6-6D6AC517BD1F}.Release|Win32.Build.0 = Release|Win32
		{48DA6BA8-23E1-4F0D-959C-48C8576494DA}.Debug|Win32.ActiveCfg = Debug|Win32
		{48DA6BA8-23E1-4F0D-959C-48C8576494DA}.Debug|Win32.Build.0 = Debug|Win32
		{48DA6BA8-23E1-4F0D-959C-48C8576494DA}.Release|Win32.ActiveCfg = Release|Win32
		{48DA6BA8-23E1-4F0D-959C-48C8576494DA}.Release|Win32.Build.0 = Release|Win32
	EndGlobalSection
	GlobalSection(SolutionProperties) = preSolution
		HideSolutionNode = FALSE
	EndGlobalSection
EndGlobal
