
Microsoft Visual Studio Solution File, Format Version 10.00
# Visual C++ Express 2008
Project("{8BC9CEB8-8B4A-11D0-8D11-00A0C91BC942}") = "VAX", "VAX.vcproj", "{D5D873F7-D286-43E7-958A-3D838FAA0856}"
	ProjectSection(ProjectDependencies) = postProject
		{D40F3AF1-EEE7-4432-9807-2AD287B490F8} = {D40F3AF1-EEE7-4432-9807-2AD287B490F8}
	EndProjectSection
EndProject
Project("{8BC9CEB8-8B4A-11D0-8D11-00A0C91BC942}") = "VAX780", "VAX780.vcproj", "{D5D873F7-D286-43E7-958A-3D83DEADBEEF}"
	ProjectSection(ProjectDependencies) = postProject
		{D40F3AF1-EEE7-4432-9807-2AD287B490F8} = {D40F3AF1-EEE7-4432-9807-2AD287B490F8}
	EndProjectSection
EndProject
Project("{8BC9CEB8-8B4A-11D0-8D11-00A0C91BC942}") = "AltairZ80", "AltairZ80.vcproj", "{BC7F37AD-7414-43C3-829D-214CD1113D67}"
	ProjectSection(ProjectDependencies) = postProject
		{D40F3AF1-EEE7-4432-9807-2AD287B490F8} = {D40F3AF1-EEE7-4432-9807-2AD287B490F8}
	EndProjectSection
EndProject
Project("{8BC9CEB8-8B4A-11D0-8D11-00A0C91BC942}") = "ALTAIR", "ALTAIR.vcproj", "{1C602310-C406-4446-85C3-E5AE0E836120}"
	ProjectSection(ProjectDependencies) = postProject
		{D40F3AF1-EEE7-4432-9807-2AD287B490F8} = {D40F3AF1-EEE7-4432-9807-2AD287B490F8}
	EndProjectSection
EndProject
Project("{8BC9CEB8-8B4A-11D0-8D11-00A0C91BC942}") = "GRI", "GRI.vcproj", "{611E140C-8403-4FD8-AF53-CE01C8452B34}"
	ProjectSection(ProjectDependencies) = postProject
		{D40F3AF1-EEE7-4432-9807-2AD287B490F8} = {D40F3AF1-EEE7-4432-9807-2AD287B490F8}
	EndProjectSection
EndProject
Project("{8BC9CEB8-8B4A-11D0-8D11-00A0C91BC942}") = "HP2100", "HP2100.vcproj", "{7A9428F5-593C-4217-B8FE-980E249D3DB9}"
	ProjectSection(ProjectDependencies) = postProject
		{D40F3AF1-EEE7-4432-9807-2AD287B490F8} = {D40F3AF1-EEE7-4432-9807-2AD287B490F8}
	EndProjectSection
EndProject
Project("{8BC9CEB8-8B4A-11D0-8D11-00A0C91BC942}") = "H316", "H316.vcproj", "{C915B408-80D8-4925-BF7B-0469436B33BF}"
	ProjectSection(ProjectDependencies) = postProject
		{D40F3AF1-EEE7-4432-9807-2AD287B490F8} = {D40F3AF1-EEE7-4432-9807-2AD287B490F8}
	EndProjectSection
EndProject
Project("{8BC9CEB8-8B4A-11D0-8D11-00A0C91BC942}") = "ID16", "ID16.vcproj", "{D90C77B3-A3E7-40D3-BB88-18A4EF1C001D}"
	ProjectSection(ProjectDependencies) = postProject
		{D40F3AF1-EEE7-4432-9807-2AD287B490F8} = {D40F3AF1-EEE7-4432-9807-2AD287B490F8}
	EndProjectSection
EndProject
Project("{8BC9CEB8-8B4A-11D0-8D11-00A0C91BC942}") = "ID32", "ID32.vcproj", "{324EF17B-1683-48B5-824D-FACF17AEB27B}"
	ProjectSection(ProjectDependencies) = postProject
		{D40F3AF1-EEE7-4432-9807-2AD287B490F8} = {D40F3AF1-EEE7-4432-9807-2AD287B490F8}
	EndProjectSection
EndProject
Project("{8BC9CEB8-8B4A-11D0-8D11-00A0C91BC942}") = "PDP8", "PDP8.vcproj", "{5EB65E13-1E6A-46A4-B7FE-EC87F8702067}"
	ProjectSection(ProjectDependencies) = postProject
		{D40F3AF1-EEE7-4432-9807-2AD287B490F8} = {D40F3AF1-EEE7-4432-9807-2AD287B490F8}
	EndProjectSection
EndProject
Project("{8BC9CEB8-8B4A-11D0-8D11-00A0C91BC942}") = "PDP10", "PDP10.vcproj", "{A39C0AFE-BDE5-4236-B740-AC710FCA1DA2}"
	ProjectSection(ProjectDependencies) = postProject
		{D40F3AF1-EEE7-4432-9807-2AD287B490F8} = {D40F3AF1-EEE7-4432-9807-2AD287B490F8}
	EndProjectSection
EndProject
Project("{8BC9CEB8-8B4A-11D0-8D11-00A0C91BC942}") = "S3", "S3.vcproj", "{927C3BD9-BD0C-4A23-99F9-573A40236509}"
	ProjectSection(ProjectDependencies) = postProject
		{D40F3AF1-EEE7-4432-9807-2AD287B490F8} = {D40F3AF1-EEE7-4432-9807-2AD287B490F8}
	EndProjectSection
EndProject
Project("{8BC9CEB8-8B4A-11D0-8D11-00A0C91BC942}") = "SDS", "SDS.vcproj", "{750762C6-A2AF-40BA-A006-5E68002C1E87}"
	ProjectSection(ProjectDependencies) = postProject
		{D40F3AF1-EEE7-4432-9807-2AD287B490F8} = {D40F3AF1-EEE7-4432-9807-2AD287B490F8}
	EndProjectSection
EndProject
Project("{8BC9CEB8-8B4A-11D0-8D11-00A0C91BC942}") = "PDP11", "PDP11.vcproj", "{49499E1B-5019-4B98-9DC7-2E73306D5578}"
	ProjectSection(ProjectDependencies) = postProject
		{D40F3AF1-EEE7-4432-9807-2AD287B490F8} = {D40F3AF1-EEE7-4432-9807-2AD287B490F8}
	EndProjectSection
EndProject
Project("{8BC9CEB8-8B4A-11D0-8D11-00A0C91BC942}") = "PDP1", "PDP1.vcproj", "{CB017838-5DC5-4B9D-A8F7-7B36AA4A3331}"
	ProjectSection(ProjectDependencies) = postProject
		{D40F3AF1-EEE7-4432-9807-2AD287B490F8} = {D40F3AF1-EEE7-4432-9807-2AD287B490F8}
	EndProjectSection
EndProject
Project("{8BC9CEB8-8B4A-11D0-8D11-00A0C91BC942}") = "I1401", "I1401.vcproj", "{C92737AD-07CC-492F-AA76-D169CEF5BBAB}"
	ProjectSection(ProjectDependencies) = postProject
		{D40F3AF1-EEE7-4432-9807-2AD287B490F8} = {D40F3AF1-EEE7-4432-9807-2AD287B490F8}
	EndProjectSection
EndProject
Project("{8BC9CEB8-8B4A-11D0-8D11-00A0C91BC942}") = "I1620", "I1620.vcproj", "{089C9C0B-C4F7-4923-86C4-F14BF5D61821}"
	ProjectSection(ProjectDependencies) = postProject
		{D40F3AF1-EEE7-4432-9807-2AD287B490F8} = {D40F3AF1-EEE7-4432-9807-2AD287B490F8}
	EndProjectSection
EndProject
Project("{8BC9CEB8-8B4A-11D0-8D11-00A0C91BC942}") = "IBM1130", "IBM1130.vcproj", "{D593C954-5115-4D15-ABDB-01B66006FF6F}"
	ProjectSection(ProjectDependencies) = postProject
		{D40F3AF1-EEE7-4432-9807-2AD287B490F8} = {D40F3AF1-EEE7-4432-9807-2AD287B490F8}
	EndProjectSection
EndProject
Project("{8BC9CEB8-8B4A-11D0-8D11-00A0C91BC942}") = "PDP15", "PDP15.vcproj", "{44C07AA4-6D56-45ED-8393-18A23E76B758}"
	ProjectSection(ProjectDependencies) = postProject
		{D40F3AF1-EEE7-4432-9807-2AD287B490F8} = {D40F3AF1-EEE7-4432-9807-2AD287B490F8}
	EndProjectSection
EndProject
Project("{8BC9CEB8-8B4A-11D0-8D11-00A0C91BC942}") = "PDP9", "PDP9.vcproj", "{9D589BCA-9E10-4FFA-B43F-DDFA91C1C098}"
	ProjectSection(ProjectDependencies) = postProject
		{D40F3AF1-EEE7-4432-9807-2AD287B490F8} = {D40F3AF1-EEE7-4432-9807-2AD287B490F8}
	EndProjectSection
EndProject
Project("{8BC9CEB8-8B4A-11D0-8D11-00A0C91BC942}") = "PDP7", "PDP7.vcproj", "{0F8B9E39-56A7-45BE-A68F-04F7EB8EF8A3}"
	ProjectSection(ProjectDependencies) = postProject
		{D40F3AF1-EEE7-4432-9807-2AD287B490F8} = {D40F3AF1-EEE7-4432-9807-2AD287B490F8}
	EndProjectSection
EndProject
Project("{8BC9CEB8-8B4A-11D0-8D11-00A0C91BC942}") = "PDP4", "PDP4.vcproj", "{C51841F3-BD47-41C3-946C-20F893FB5A23}"
	ProjectSection(ProjectDependencies) = postProject
		{D40F3AF1-EEE7-4432-9807-2AD287B490F8} = {D40F3AF1-EEE7-4432-9807-2AD287B490F8}
	EndProjectSection
EndProject
Project("{8BC9CEB8-8B4A-11D0-8D11-00A0C91BC942}") = "NOVA", "NOVA.vcproj", "{9B55ACBB-C29A-40EB-98BF-D1047912389E}"
	ProjectSection(ProjectDependencies) = postProject
		{D40F3AF1-EEE7-4432-9807-2AD287B490F8} = {D40F3AF1-EEE7-4432-9807-2AD287B490F8}
	EndProjectSection
EndProject
Project("{8BC9CEB8-8B4A-11D0-8D11-00A0C91BC942}") = "ECLIPSE", "ECLIPSE.vcproj", "{FF632F3D-9F62-481D-A5C7-AD090F46143C}"
	ProjectSection(ProjectDependencies) = postProject
		{D40F3AF1-EEE7-4432-9807-2AD287B490F8} = {D40F3AF1-EEE7-4432-9807-2AD287B490F8}
	EndProjectSection
EndProject
Project("{8BC9CEB8-8B4A-11D0-8D11-00A0C91BC942}") = "lgp", "lgp.vcproj", "{927C3BD9-BD0C-4A23-99F9-5ABC40236509}"
	ProjectSection(ProjectDependencies) = postProject
		{D40F3AF1-EEE7-4432-9807-2AD287B490F8} = {D40F3AF1-EEE7-4432-9807-2AD287B490F8}
	EndProjectSection
EndProject
Project("{8BC9CEB8-8B4A-11D0-8D11-00A0C91BC942}") = "I7094", "I7094.vcproj", "{927C3BD9-BD0C-4A23-99F9-DEAD402BEEF9}"
	ProjectSection(ProjectDependencies) = postProject
		{D40F3AF1-EEE7-4432-9807-2AD287B490F8} = {D40F3AF1-EEE7-4432-9807-2AD287B490F8}
	EndProjectSection
EndProject
Project("{8BC9CEB8-8B4A-11D0-8D11-00A0C91BC942}") = "swtp6800mp-a", "swtp6800mp-a.vcproj", "{0ABAF350-853E-4A8F-8435-B583E29FB78C}"
	ProjectSection(ProjectDependencies) = postProject
		{D40F3AF1-EEE7-4432-9807-2AD287B490F8} = {D40F3AF1-EEE7-4432-9807-2AD287B490F8}
	EndProjectSection
EndProject
Project("{8BC9CEB8-8B4A-11D0-8D11-00A0C91BC942}") = "swtp6800mp-a2", "swtp6800mp-a2.vcproj", "{A0BAF350-853E-4A8F-8435-B583E29FFACE}"
	ProjectSection(ProjectDependencies) = postProject
		{D40F3AF1-EEE7-4432-9807-2AD287B490F8} = {D40F3AF1-EEE7-4432-9807-2AD287B490F8}
	EndProjectSection
EndProject
Project("{8BC9CEB8-8B4A-11D0-8D11-00A0C91BC942}") = "BuildROMs", "BuildROMs.vcproj", "{D40F3AF1-EEE7-4432-9807-2AD287B490F8}"
EndProject
Project("{8BC9CEB8-8B4A-11D0-8D11-00A0C91BC942}") = "VAX730", "VAX730.vcproj", "{C526F7F2-9476-44BC-B1E9-9522B693BEA7}"
	ProjectSection(ProjectDependencies) = postProject
		{D40F3AF1-EEE7-4432-9807-2AD287B490F8} = {D40F3AF1-EEE7-4432-9807-2AD287B490F8}
	EndProjectSection
EndProject
Project("{8BC9CEB8-8B4A-11D0-8D11-00A0C91BC942}") = "VAX750", "VAX750.vcproj", "{43A9CF64-5705-4FB7-B837-ED9AAFF97DAC}"
	ProjectSection(ProjectDependencies) = postProject
		{D40F3AF1-EEE7-4432-9807-2AD287B490F8} = {D40F3AF1-EEE7-4432-9807-2AD287B490F8}
	EndProjectSection
EndProject
Project("{8BC9CEB8-8B4A-11D0-8D11-00A0C91BC942}") = "MicroVAX1", "MicroVAX1.vcproj", "{B3671ABB-4FFF-4EEB-8A5B-06716C9BCE9E}"
	ProjectSection(ProjectDependencies) = postProject
		{D40F3AF1-EEE7-4432-9807-2AD287B490F8} = {D40F3AF1-EEE7-4432-9807-2AD287B490F8}
	EndProjectSection
EndProject
Project("{8BC9CEB8-8B4A-11D0-8D11-00A0C91BC942}") = "rtVAX1000", "rtVAX1000.vcproj", "{E359921B-DC18-42ED-AFB9-1FC603B9C1B3}"
	ProjectSection(ProjectDependencies) = postProject
		{D40F3AF1-EEE7-4432-9807-2AD287B490F8} = {D40F3AF1-EEE7-4432-9807-2AD287B490F8}
	EndProjectSection
EndProject
Project("{8BC9CEB8-8B4A-11D0-8D11-00A0C91BC942}") = "MicroVAX2", "MicroVAX2.vcproj", "{3048F582-98C9-447D-BBB9-6F969467D4EA}"
	ProjectSection(ProjectDependencies) = postProject
		{D40F3AF1-EEE7-4432-9807-2AD287B490F8} = {D40F3AF1-EEE7-4432-9807-2AD287B490F8}
	EndProjectSection
EndProject
Project("{8BC9CEB8-8B4A-11D0-8D11-00A0C91BC942}") = "TX-0", "TX-0.vcproj", "{24BC7F75-FB56-44A9-BB7C-78AE6A694D0C}"
	ProjectSection(ProjectDependencies) = postProject
		{D40F3AF1-EEE7-4432-9807-2AD287B490F8} = {D40F3AF1-EEE7-4432-9807-2AD287B490F8}
	EndProjectSection
EndProject
Project("{8BC9CEB8-8B4A-11D0-8D11-00A0C91BC942}") = "VAX8600", "VAX8600.vcproj", "{F5C22D72-460E-43CD-9AC6-6D6AC517BD1F}"
	ProjectSection(ProjectDependencies) = postProject
		{D40F3AF1-EEE7-4432-9807-2AD287B490F8} = {D40F3AF1-EEE7-4432-9807-2AD287B490F8}
	EndProjectSection
EndProject
Project("{8BC9CEB8-8B4A-11D0-8D11-00A0C91BC942}") = "SSEM", "SSEM.vcproj", "{48DA6BA8-23E1-4F0D-959C-48C8576494DA}"
	ProjectSection(ProjectDependencies) = postProject
		{D40F3AF1-EEE7-4432-9807-2AD287B490F8} = {D40F3AF1-EEE7-4432-9807-2AD287B490F8}
	EndProjectSection
EndProject
Project("{8BC9CEB8-8B4A-11D0-8D11-00A0C91BC942}") = "alpha", "alpha.vcproj", "{14C5D369-E4A1-4DA2-B23C-B49367874F7B}"
	ProjectSection(ProjectDependencies) = postProject
		{D40F3AF1-EEE7-4432-9807-2AD287B490F8} = {D40F3AF1-EEE7-4432-9807-2AD287B490F8}
	EndProjectSection
EndProject
Project("{8BC9CEB8-8B4A-11D0-8D11-00A0C91BC942}") = "sigma", "sigma.vcproj", "{7DDB6DF6-3837-4DE3-80D7-63181195021F}"
	ProjectSection(ProjectDependencies) = postProject
		{D40F3AF1-EEE7-4432-9807-2AD287B490F8} = {D40F3AF1-EEE7-4432-9807-2AD287B490F8}
	EndProjectSection
EndProject
Project("{8BC9CEB8-8B4A-11D0-8D11-00A0C91BC942}") = "SAGE", "SAGE.vcproj", "{9D0DAC36-2C75-41CD-905C-93B2F5ADF9E2}"
	ProjectSection(ProjectDependencies) = postProject
		{D40F3AF1-EEE7-4432-9807-2AD287B490F8} = {D40F3AF1-EEE7-4432-9807-2AD287B490F8}
	EndProjectSection
EndProject
Project("{8BC9CEB8-8B4A-11D0-8D11-00A0C91BC942}") = "PDQ3", "PDQ3.vcproj", "{D4F5761A-B543-40ED-9892-12A0255C2B6D}"
	ProjectSection(ProjectDependencies) = postProject
		{D40F3AF1-EEE7-4432-9807-2AD287B490F8} = {D40F3AF1-EEE7-4432-9807-2AD287B490F8}
	EndProjectSection
EndProject
Project("{8BC9CEB8-8B4A-11D0-8D11-00A0C91BC942}") = "BESM6", "BESM6.vcproj", "{A8D46C10-8F3F-47CA-AD5F-E3BB7C4A3678}"
	ProjectSection(ProjectDependencies) = postProject
		{D40F3AF1-EEE7-4432-9807-2AD287B490F8} = {D40F3AF1-EEE7-4432-9807-2AD287B490F8}
	EndProjectSection
EndProject
Project("{8BC9CEB8-8B4A-11D0-8D11-00A0C91BC942}") = "isys8010", "isys8010.vcproj", "{2FB5B6EE-796F-429F-980E-14E822837105}"
	ProjectSection(ProjectDependencies) = postProject
		{D40F3AF1-EEE7-4432-9807-2AD287B490F8} = {D40F3AF1-EEE7-4432-9807-2AD287B490F8}
	EndProjectSection
EndProject
Project("{8BC9CEB8-8B4A-11D0-8D11-00A0C91BC942}") = "isys8020", "isys8020.vcproj", "{9BBA76FE-45DD-4902-9421-BEA3EC2DCDB0}"
	ProjectSection(ProjectDependencies) = postProject
		{D40F3AF1-EEE7-4432-9807-2AD287B490F8} = {D40F3AF1-EEE7-4432-9807-2AD287B490F8}
	EndProjectSection
EndProject
Project("{8BC9CEB8-8B4A-11D0-8D11-00A0C91BC942}") = "B5500", "B5500.vcproj", "{BA514FA1-D029-4D25-91CC-255E5953FF6E}"
	ProjectSection(ProjectDependencies) = postProject
		{D40F3AF1-EEE7-4432-9807-2AD287B490F8} = {D40F3AF1-EEE7-4432-9807-2AD287B490F8}
	EndProjectSection
EndProject
Project("{8BC9CEB8-8B4A-11D0-8D11-00A0C91BC942}") = "HP3000", "HP3000.vcproj", "{B3E35063-CB41-4F77-BFCA-49BB316B0EDB}"
	ProjectSection(ProjectDependencies) = postProject
		{D40F3AF1-EEE7-4432-9807-2AD287B490F8} = {D40F3AF1-EEE7-4432-9807-2AD287B490F8}
	EndProjectSection
EndProject
Project("{8BC9CEB8-8B4A-11D0-8D11-00A0C91BC942}") = "CDC1700", "CDC1700.vcproj", "{2D532F83-02F3-4169-9778-23E52D951FDE}"
	ProjectSection(ProjectDependencies) = postProject
		{D40F3AF1-EEE7-4432-9807-2AD287B490F8} = {D40F3AF1-EEE7-4432-9807-2AD287B490F8}
	EndProjectSection
EndProject
Project("{8BC9CEB8-8B4A-11D0-8D11-00A0C91BC942}") = "isys8030", "isys8030.vcproj", "{4980F98D-7887-4272-B156-8E7C8AAA4F50}"
	ProjectSection(ProjectDependencies) = postProject
		{D40F3AF1-EEE7-4432-9807-2AD287B490F8} = {D40F3AF1-EEE7-4432-9807-2AD287B490F8}
	EndProjectSection
EndProject
Project("{8BC9CEB8-8B4A-11D0-8D11-00A0C91BC942}") = "isys8024", "isys8024.vcproj", "{ACCC3A24-56CD-4543-81F3-5F6A5E24F338}"
	ProjectSection(ProjectDependencies) = postProject
		{D40F3AF1-EEE7-4432-9807-2AD287B490F8} = {D40F3AF1-EEE7-4432-9807-2AD287B490F8}
	EndProjectSection
EndProject
Project("{8BC9CEB8-8B4A-11D0-8D11-00A0C91BC942}") = "imds-225", "imds-225.vcproj", "{A66F0D85-174F-4AFE-A44E-7FAE3D3727BC}"
	ProjectSection(ProjectDependencies) = postProject
		{D40F3AF1-EEE7-4432-9807-2AD287B490F8} = {D40F3AF1-EEE7-4432-9807-2AD287B490F8}
	EndProjectSection
EndProject
Project("{8BC9CEB8-8B4A-11D0-8D11-00A0C91BC942}") = "ibmpc", "ibmpc.vcproj", "{76EF8599-7AB0-4C8D-997B-AAEEE724A5D0}"
	ProjectSection(ProjectDependencies) = postProject
		{D40F3AF1-EEE7-4432-9807-2AD287B490F8} = {D40F3AF1-EEE7-4432-9807-2AD287B490F8}
	EndProjectSection
EndProject
Project("{8BC9CEB8-8B4A-11D0-8D11-00A0C91BC942}") = "ibmpcxt", "ibmpcxt.vcproj", "{0026A4C2-655A-4C03-B6CA-B1EAF79FA4D1}"
	ProjectSection(ProjectDependencies) = postProject
		{D40F3AF1-EEE7-4432-9807-2AD287B490F8} = {D40F3AF1-EEE7-4432-9807-2AD287B490F8}
	EndProjectSection
EndProject
Project("{8BC9CEB8-8B4A-11D0-8D11-00A0C91BC942}") = "scelbi", "scelbi.vcproj", "{1E92CC4B-9ED5-4CD4-BD35-061F25126523}"
	ProjectSection(ProjectDependencies) = postProject
		{D40F3AF1-EEE7-4432-9807-2AD287B490F8} = {D40F3AF1-EEE7-4432-9807-2AD287B490F8}
	EndProjectSection
EndProject
Project("{8BC9CEB8-8B4A-11D0-8D11-00A0C91BC942}") = "3B2", "3B2.vcproj", "{56178F08-8783-4ADA-820C-20C06412678E}"
	ProjectSection(ProjectDependencies) = postProject
		{D40F3AF1-EEE7-4432-9807-2AD287B490F8} = {D40F3AF1-EEE7-4432-9807-2AD287B490F8}
	EndProjectSection
EndProject
Project("{8BC9CEB8-8B4A-11D0-8D11-00A0C91BC942}") = "I701", "I701.vcproj", "{F1F44607-FB9E-428C-AD8F-56F98699D121}"
EndProject
Project("{8BC9CEB8-8B4A-11D0-8D11-00A0C91BC942}") = "I7090", "I7090.vcproj", "{33EE34FC-A12F-47FE-9FD6-8B74D08718C7}"
	ProjectSection(ProjectDependencies) = postProject
		{D40F3AF1-EEE7-4432-9807-2AD287B490F8} = {D40F3AF1-EEE7-4432-9807-2AD287B490F8}
	EndProjectSection
EndProject
Project("{8BC9CEB8-8B4A-11D0-8D11-00A0C91BC942}") = "I704", "I704.vcproj", "{91A7D475-1238-4872-BEAE-143E1FCEA297}"
	ProjectSection(ProjectDependencies) = postProject
		{D40F3AF1-EEE7-4432-9807-2AD287B490F8} = {D40F3AF1-EEE7-4432-9807-2AD287B490F8}
	EndProjectSection
EndProject
Project("{8BC9CEB8-8B4A-11D0-8D11-00A0C91BC942}") = "I7080", "I7080.vcproj", "{BF1E708D-D374-4DE1-A0D3-6D8DB4B4F7FA}"
	ProjectSection(ProjectDependencies) = postProject
		{D40F3AF1-EEE7-4432-9807-2AD287B490F8} = {D40F3AF1-EEE7-4432-9807-2AD287B490F8}
	EndProjectSection
EndProject
Project("{8BC9CEB8-8B4A-11D0-8D11-00A0C91BC942}") = "I7070", "I7070.vcproj", "{F55D43D3-AD63-4B19-B67A-47064227F3E3}"
	ProjectSection(ProjectDependencies) = postProject
		{D40F3AF1-EEE7-4432-9807-2AD287B490F8} = {D40F3AF1-EEE7-4432-9807-2AD287B490F8}
	EndProjectSection
EndProject
Project("{8BC9CEB8-8B4A-11D0-8D11-00A0C91BC942}") = "I7010", "I7010.vcproj", "{55A727F0-B5C8-48E8-9EF2-D5DAF679C520}"
	ProjectSection(ProjectDependencies) = postProject
		{D40F3AF1-EEE7-4432-9807-2AD287B490F8} = {D40F3AF1-EEE7-4432-9807-2AD287B490F8}
	EndProjectSection
EndProject
Project("{8BC9CEB8-8B4A-11D0-8D11-00A0C91BC942}") = "I650", "I650.vcproj", "{95B64699-4B93-4BFE-9024-0A2302D9B71A}"
	ProjectSection(ProjectDependencies) = postProject
		{D40F3AF1-EEE7-4432-9807-2AD287B490F8} = {D40F3AF1-EEE7-4432-9807-2AD287B490F8}
	EndProjectSection
EndProject
Global
	GlobalSection(SolutionConfigurationPlatforms) = preSolution
		Debug|Win32 = Debug|Win32
		Release|Win32 = Release|Win32
	EndGlobalSection
	GlobalSection(ProjectConfigurationPlatforms) = postSolution
		{D5D873F7-D286-43E7-958A-3D838FAA0856}.Debug|Win32.ActiveCfg = Debug|Win32
		{D5D873F7-D286-43E7-958A-3D838FAA0856}.Debug|Win32.Build.0 = Debug|Win32
		{D5D873F7-D286-43E7-958A-3D838FAA0856}.Release|Win32.ActiveCfg = Release|Win32
		{D5D873F7-D286-43E7-958A-3D838FAA0856}.Release|Win32.Build.0 = Release|Win32
		{D5D873F7-D286-43E7-958A-3D83DEADBEEF}.Debug|Win32.ActiveCfg = Debug|Win32
		{D5D873F7-D286-43E7-958A-3D83DEADBEEF}.Debug|Win32.Build.0 = Debug|Win32
		{D5D873F7-D286-43E7-958A-3D83DEADBEEF}.Release|Win32.ActiveCfg = Release|Win32
		{D5D873F7-D286-43E7-958A-3D83DEADBEEF}.Release|Win32.Build.0 = Release|Win32
		{BC7F37AD-7414-43C3-829D-214CD1113D67}.Debug|Win32.ActiveCfg = Debug|Win32
		{BC7F37AD-7414-43C3-829D-214CD1113D67}.Debug|Win32.Build.0 = Debug|Win32
		{BC7F37AD-7414-43C3-829D-214CD1113D67}.Release|Win32.ActiveCfg = Release|Win32
		{BC7F37AD-7414-43C3-829D-214CD1113D67}.Release|Win32.Build.0 = Release|Win32
		{1C602310-C406-4446-85C3-E5AE0E836120}.Debug|Win32.ActiveCfg = Debug|Win32
		{1C602310-C406-4446-85C3-E5AE0E836120}.Debug|Win32.Build.0 = Debug|Win32
		{1C602310-C406-4446-85C3-E5AE0E836120}.Release|Win32.ActiveCfg = Release|Win32
		{1C602310-C406-4446-85C3-E5AE0E836120}.Release|Win32.Build.0 = Release|Win32
		{611E140C-8403-4FD8-AF53-CE01C8452B34}.Debug|Win32.ActiveCfg = Debug|Win32
		{611E140C-8403-4FD8-AF53-CE01C8452B34}.Debug|Win32.Build.0 = Debug|Win32
		{611E140C-8403-4FD8-AF53-CE01C8452B34}.Release|Win32.ActiveCfg = Release|Win32
		{611E140C-8403-4FD8-AF53-CE01C8452B34}.Release|Win32.Build.0 = Release|Win32
		{7A9428F5-593C-4217-B8FE-980E249D3DB9}.Debug|Win32.ActiveCfg = Debug|Win32
		{7A9428F5-593C-4217-B8FE-980E249D3DB9}.Debug|Win32.Build.0 = Debug|Win32
		{7A9428F5-593C-4217-B8FE-980E249D3DB9}.Release|Win32.ActiveCfg = Release|Win32
		{7A9428F5-593C-4217-B8FE-980E249D3DB9}.Release|Win32.Build.0 = Release|Win32
		{C915B408-80D8-4925-BF7B-0469436B33BF}.Debug|Win32.ActiveCfg = Debug|Win32
		{C915B408-80D8-4925-BF7B-0469436B33BF}.Debug|Win32.Build.0 = Debug|Win32
		{C915B408-80D8-4925-BF7B-0469436B33BF}.Release|Win32.ActiveCfg = Release|Win32
		{C915B408-80D8-4925-BF7B-0469436B33BF}.Release|Win32.Build.0 = Release|Win32
		{D90C77B3-A3E7-40D3-BB88-18A4EF1C001D}.Debug|Win32.ActiveCfg = Debug|Win32
		{D90C77B3-A3E7-40D3-BB88-18A4EF1C001D}.Debug|Win32.Build.0 = Debug|Win32
		{D90C77B3-A3E7-40D3-BB88-18A4EF1C001D}.Release|Win32.ActiveCfg = Release|Win32
		{D90C77B3-A3E7-40D3-BB88-18A4EF1C001D}.Release|Win32.Build.0 = Release|Win32
		{324EF17B-1683-48B5-824D-FACF17AEB27B}.Debug|Win32.ActiveCfg = Debug|Win32
		{324EF17B-1683-48B5-824D-FACF17AEB27B}.Debug|Win32.Build.0 = Debug|Win32
		{324EF17B-1683-48B5-824D-FACF17AEB27B}.Release|Win32.ActiveCfg = Release|Win32
		{324EF17B-1683-48B5-824D-FACF17AEB27B}.Release|Win32.Build.0 = Release|Win32
		{5EB65E13-1E6A-46A4-B7FE-EC87F8702067}.Debug|Win32.ActiveCfg = Debug|Win32
		{5EB65E13-1E6A-46A4-B7FE-EC87F8702067}.Debug|Win32.Build.0 = Debug|Win32
		{5EB65E13-1E6A-46A4-B7FE-EC87F8702067}.Release|Win32.ActiveCfg = Release|Win32
		{5EB65E13-1E6A-46A4-B7FE-EC87F8702067}.Release|Win32.Build.0 = Release|Win32
		{A39C0AFE-BDE5-4236-B740-AC710FCA1DA2}.Debug|Win32.ActiveCfg = Debug|Win32
		{A39C0AFE-BDE5-4236-B740-AC710FCA1DA2}.Debug|Win32.Build.0 = Debug|Win32
		{A39C0AFE-BDE5-4236-B740-AC710FCA1DA2}.Release|Win32.ActiveCfg = Release|Win32
		{A39C0AFE-BDE5-4236-B740-AC710FCA1DA2}.Release|Win32.Build.0 = Release|Win32
		{927C3BD9-BD0C-4A23-99F9-573A40236509}.Debug|Win32.ActiveCfg = Debug|Win32
		{927C3BD9-BD0C-4A23-99F9-573A40236509}.Debug|Win32.Build.0 = Debug|Win32
		{927C3BD9-BD0C-4A23-99F9-573A40236509}.Release|Win32.ActiveCfg = Release|Win32
		{927C3BD9-BD0C-4A23-99F9-573A40236509}.Release|Win32.Build.0 = Release|Win32
		{750762C6-A2AF-40BA-A006-5E68002C1E87}.Debug|Win32.ActiveCfg = Debug|Win32
		{750762C6-A2AF-40BA-A006-5E68002C1E87}.Debug|Win32.Build.0 = Debug|Win32
		{750762C6-A2AF-40BA-A006-5E68002C1E87}.Release|Win32.ActiveCfg = Release|Win32
		{750762C6-A2AF-40BA-A006-5E68002C1E87}.Release|Win32.Build.0 = Release|Win32
		{49499E1B-5019-4B98-9DC7-2E73306D5578}.Debug|Win32.ActiveCfg = Debug|Win32
		{49499E1B-5019-4B98-9DC7-2E73306D5578}.Debug|Win32.Build.0 = Debug|Win32
		{49499E1B-5019-4B98-9DC7-2E73306D5578}.Release|Win32.ActiveCfg = Release|Win32
		{49499E1B-5019-4B98-9DC7-2E73306D5578}.Release|Win32.Build.0 = Release|Win32
		{CB017838-5DC5-4B9D-A8F7-7B36AA4A3331}.Debug|Win32.ActiveCfg = Debug|Win32
		{CB017838-5DC5-4B9D-A8F7-7B36AA4A3331}.Debug|Win32.Build.0 = Debug|Win32
		{CB017838-5DC5-4B9D-A8F7-7B36AA4A3331}.Release|Win32.ActiveCfg = Release|Win32
		{CB017838-5DC5-4B9D-A8F7-7B36AA4A3331}.Release|Win32.Build.0 = Release|Win32
		{C92737AD-07CC-492F-AA76-D169CEF5BBAB}.Debug|Win32.ActiveCfg = Debug|Win32
		{C92737AD-07CC-492F-AA76-D169CEF5BBAB}.Debug|Win32.Build.0 = Debug|Win32
		{C92737AD-07CC-492F-AA76-D169CEF5BBAB}.Release|Win32.ActiveCfg = Release|Win32
		{C92737AD-07CC-492F-AA76-D169CEF5BBAB}.Release|Win32.Build.0 = Release|Win32
		{089C9C0B-C4F7-4923-86C4-F14BF5D61821}.Debug|Win32.ActiveCfg = Debug|Win32
		{089C9C0B-C4F7-4923-86C4-F14BF5D61821}.Debug|Win32.Build.0 = Debug|Win32
		{089C9C0B-C4F7-4923-86C4-F14BF5D61821}.Release|Win32.ActiveCfg = Release|Win32
		{089C9C0B-C4F7-4923-86C4-F14BF5D61821}.Release|Win32.Build.0 = Release|Win32
		{D593C954-5115-4D15-ABDB-01B66006FF6F}.Debug|Win32.ActiveCfg = Debug|Win32
		{D593C954-5115-4D15-ABDB-01B66006FF6F}.Debug|Win32.Build.0 = Debug|Win32
		{D593C954-5115-4D15-ABDB-01B66006FF6F}.Release|Win32.ActiveCfg = Release|Win32
		{D593C954-5115-4D15-ABDB-01B66006FF6F}.Release|Win32.Build.0 = Release|Win32
		{44C07AA4-6D56-45ED-8393-18A23E76B758}.Debug|Win32.ActiveCfg = Debug|Win32
		{44C07AA4-6D56-45ED-8393-18A23E76B758}.Debug|Win32.Build.0 = Debug|Win32
		{44C07AA4-6D56-45ED-8393-18A23E76B758}.Release|Win32.ActiveCfg = Release|Win32
		{44C07AA4-6D56-45ED-8393-18A23E76B758}.Release|Win32.Build.0 = Release|Win32
		{9D589BCA-9E10-4FFA-B43F-DDFA91C1C098}.Debug|Win32.ActiveCfg = Debug|Win32
		{9D589BCA-9E10-4FFA-B43F-DDFA91C1C098}.Debug|Win32.Build.0 = Debug|Win32
		{9D589BCA-9E10-4FFA-B43F-DDFA91C1C098}.Release|Win32.ActiveCfg = Release|Win32
		{9D589BCA-9E10-4FFA-B43F-DDFA91C1C098}.Release|Win32.Build.0 = Release|Win32
		{0F8B9E39-56A7-45BE-A68F-04F7EB8EF8A3}.Debug|Win32.ActiveCfg = Debug|Win32
		{0F8B9E39-56A7-45BE-A68F-04F7EB8EF8A3}.Debug|Win32.Build.0 = Debug|Win32
		{0F8B9E39-56A7-45BE-A68F-04F7EB8EF8A3}.Release|Win32.ActiveCfg = Release|Win32
		{0F8B9E39-56A7-45BE-A68F-04F7EB8EF8A3}.Release|Win32.Build.0 = Release|Win32
		{C51841F3-BD47-41C3-946C-20F893FB5A23}.Debug|Win32.ActiveCfg = Debug|Win32
		{C51841F3-BD47-41C3-946C-20F893FB5A23}.Debug|Win32.Build.0 = Debug|Win32
		{C51841F3-BD47-41C3-946C-20F893FB5A23}.Release|Win32.ActiveCfg = Release|Win32
		{C51841F3-BD47-41C3-946C-20F893FB5A23}.Release|Win32.Build.0 = Release|Win32
		{9B55ACBB-C29A-40EB-98BF-D1047912389E}.Debug|Win32.ActiveCfg = Debug|Win32
		{9B55ACBB-C29A-40EB-98BF-D1047912389E}.Debug|Win32.Build.0 = Debug|Win32
		{9B55ACBB-C29A-40EB-98BF-D1047912389E}.Release|Win32.ActiveCfg = Release|Win32
		{9B55ACBB-C29A-40EB-98BF-D1047912389E}.Release|Win32.Build.0 = Release|Win32
		{FF632F3D-9F62-481D-A5C7-AD090F46143C}.Debug|Win32.ActiveCfg = Debug|Win32
		{FF632F3D-9F62-481D-A5C7-AD090F46143C}.Debug|Win32.Build.0 = Debug|Win32
		{FF632F3D-9F62-481D-A5C7-AD090F46143C}.Release|Win32.ActiveCfg = Release|Win32
		{FF632F3D-9F62-481D-A5C7-AD090F46143C}.Release|Win32.Build.0 = Release|Win32
		{927C3BD9-BD0C-4A23-99F9-5ABC40236509}.Debug|Win32.ActiveCfg = Debug|Win32
		{927C3BD9-BD0C-4A23-99F9-5ABC40236509}.Debug|Win32.Build.0 = Debug|Win32
		{927C3BD9-BD0C-4A23-99F9-5ABC40236509}.Release|Win32.ActiveCfg = Release|Win32
		{927C3BD9-BD0C-4A23-99F9-5ABC40236509}.Release|Win32.Build.0 = Release|Win32
		{927C3BD9-BD0C-4A23-99F9-DEAD402BEEF9}.Debug|Win32.ActiveCfg = Debug|Win32
		{927C3BD9-BD0C-4A23-99F9-DEAD402BEEF9}.Debug|Win32.Build.0 = Debug|Win32
		{927C3BD9-BD0C-4A23-99F9-DEAD402BEEF9}.Release|Win32.ActiveCfg = Release|Win32
		{927C3BD9-BD0C-4A23-99F9-DEAD402BEEF9}.Release|Win32.Build.0 = Release|Win32
		{0ABAF350-853E-4A8F-8435-B583E29FB78C}.Debug|Win32.ActiveCfg = Debug|Win32
		{0ABAF350-853E-4A8F-8435-B583E29FB78C}.Debug|Win32.Build.0 = Debug|Win32
		{0ABAF350-853E-4A8F-8435-B583E29FB78C}.Release|Win32.ActiveCfg = Release|Win32
		{0ABAF350-853E-4A8F-8435-B583E29FB78C}.Release|Win32.Build.0 = Release|Win32
		{A0BAF350-853E-4A8F-8435-B583E29FFACE}.Debug|Win32.ActiveCfg = Debug|Win32
		{A0BAF350-853E-4A8F-8435-B583E29FFACE}.Debug|Win32.Build.0 = Debug|Win32
		{A0BAF350-853E-4A8F-8435-B583E29FFACE}.Release|Win32.ActiveCfg = Release|Win32
		{A0BAF350-853E-4A8F-8435-B583E29FFACE}.Release|Win32.Build.0 = Release|Win32
		{D40F3AF1-EEE7-4432-9807-2AD287B490F8}.Debug|Win32.ActiveCfg = Debug|Win32
		{D40F3AF1-EEE7-4432-9807-2AD287B490F8}.Debug|Win32.Build.0 = Debug|Win32
		{D40F3AF1-EEE7-4432-9807-2AD287B490F8}.Release|Win32.ActiveCfg = Release|Win32
		{D40F3AF1-EEE7-4432-9807-2AD287B490F8}.Release|Win32.Build.0 = Release|Win32
		{C526F7F2-9476-44BC-B1E9-9522B693BEA7}.Debug|Win32.ActiveCfg = Debug|Win32
		{C526F7F2-9476-44BC-B1E9-9522B693BEA7}.Debug|Win32.Build.0 = Debug|Win32
		{C526F7F2-9476-44BC-B1E9-9522B693BEA7}.Release|Win32.ActiveCfg = Release|Win32
		{C526F7F2-9476-44BC-B1E9-9522B693BEA7}.Release|Win32.Build.0 = Release|Win32
		{43A9CF64-5705-4FB7-B837-ED9AAFF97DAC}.Debug|Win32.ActiveCfg = Debug|Win32
		{43A9CF64-5705-4FB7-B837-ED9AAFF97DAC}.Debug|Win32.Build.0 = Debug|Win32
		{43A9CF64-5705-4FB7-B837-ED9AAFF97DAC}.Release|Win32.ActiveCfg = Release|Win32
		{43A9CF64-5705-4FB7-B837-ED9AAFF97DAC}.Release|Win32.Build.0 = Release|Win32
		{B3671ABB-4FFF-4EEB-8A5B-06716C9BCE9E}.Debug|Win32.ActiveCfg = Debug|Win32
		{B3671ABB-4FFF-4EEB-8A5B-06716C9BCE9E}.Debug|Win32.Build.0 = Debug|Win32
		{B3671ABB-4FFF-4EEB-8A5B-06716C9BCE9E}.Release|Win32.ActiveCfg = Release|Win32
		{B3671ABB-4FFF-4EEB-8A5B-06716C9BCE9E}.Release|Win32.Build.0 = Release|Win32
		{E359921B-DC18-42ED-AFB9-1FC603B9C1B3}.Debug|Win32.ActiveCfg = Debug|Win32
		{E359921B-DC18-42ED-AFB9-1FC603B9C1B3}.Debug|Win32.Build.0 = Debug|Win32
		{E359921B-DC18-42ED-AFB9-1FC603B9C1B3}.Release|Win32.ActiveCfg = Release|Win32
		{E359921B-DC18-42ED-AFB9-1FC603B9C1B3}.Release|Win32.Build.0 = Release|Win32
		{3048F582-98C9-447D-BBB9-6F969467D4EA}.Debug|Win32.ActiveCfg = Debug|Win32
		{3048F582-98C9-447D-BBB9-6F969467D4EA}.Debug|Win32.Build.0 = Debug|Win32
		{3048F582-98C9-447D-BBB9-6F969467D4EA}.Release|Win32.ActiveCfg = Release|Win32
		{3048F582-98C9-447D-BBB9-6F969467D4EA}.Release|Win32.Build.0 = Release|Win32
		{24BC7F75-FB56-44A9-BB7C-78AE6A694D0C}.Debug|Win32.ActiveCfg = Debug|Win32
		{24BC7F75-FB56-44A9-BB7C-78AE6A694D0C}.Debug|Win32.Build.0 = Debug|Win32
		{24BC7F75-FB56-44A9-BB7C-78AE6A694D0C}.Release|Win32.ActiveCfg = Release|Win32
		{24BC7F75-FB56-44A9-BB7C-78AE6A694D0C}.Release|Win32.Build.0 = Release|Win32
		{F5C22D72-460E-43CD-9AC6-6D6AC517BD1F}.Debug|Win32.ActiveCfg = Debug|Win32
		{F5C22D72-460E-43CD-9AC6-6D6AC517BD1F}.Debug|Win32.Build.0 = Debug|Win32
		{F5C22D72-460E-43CD-9AC6-6D6AC517BD1F}.Release|Win32.ActiveCfg = Release|Win32
		{F5C22D72-460E-43CD-9AC6-6D6AC517BD1F}.Release|Win32.Build.0 = Release|Win32
		{48DA6BA8-23E1-4F0D-959C-48C8576494DA}.Debug|Win32.ActiveCfg = Debug|Win32
		{48DA6BA8-23E1-4F0D-959C-48C8576494DA}.Debug|Win32.Build.0 = Debug|Win32
		{48DA6BA8-23E1-4F0D-959C-48C8576494DA}.Release|Win32.ActiveCfg = Release|Win32
		{48DA6BA8-23E1-4F0D-959C-48C8576494DA}.Release|Win32.Build.0 = Release|Win32
		{14C5D369-E4A1-4DA2-B23C-B49367874F7B}.Debug|Win32.ActiveCfg = Debug|Win32
		{14C5D369-E4A1-4DA2-B23C-B49367874F7B}.Debug|Win32.Build.0 = Debug|Win32
		{14C5D369-E4A1-4DA2-B23C-B49367874F7B}.Release|Win32.ActiveCfg = Release|Win32
		{14C5D369-E4A1-4DA2-B23C-B49367874F7B}.Release|Win32.Build.0 = Release|Win32
		{7DDB6DF6-3837-4DE3-80D7-63181195021F}.Debug|Win32.ActiveCfg = Debug|Win32
		{7DDB6DF6-3837-4DE3-80D7-63181195021F}.Debug|Win32.Build.0 = Debug|Win32
		{7DDB6DF6-3837-4DE3-80D7-63181195021F}.Release|Win32.ActiveCfg = Release|Win32
		{7DDB6DF6-3837-4DE3-80D7-63181195021F}.Release|Win32.Build.0 = Release|Win32
		{9D0DAC36-2C75-41CD-905C-93B2F5ADF9E2}.Debug|Win32.ActiveCfg = Debug|Win32
		{9D0DAC36-2C75-41CD-905C-93B2F5ADF9E2}.Debug|Win32.Build.0 = Debug|Win32
		{9D0DAC36-2C75-41CD-905C-93B2F5ADF9E2}.Release|Win32.ActiveCfg = Release|Win32
		{9D0DAC36-2C75-41CD-905C-93B2F5ADF9E2}.Release|Win32.Build.0 = Release|Win32
		{D4F5761A-B543-40ED-9892-12A0255C2B6D}.Debug|Win32.ActiveCfg = Debug|Win32
		{D4F5761A-B543-40ED-9892-12A0255C2B6D}.Debug|Win32.Build.0 = Debug|Win32
		{D4F5761A-B543-40ED-9892-12A0255C2B6D}.Release|Win32.ActiveCfg = Release|Win32
		{D4F5761A-B543-40ED-9892-12A0255C2B6D}.Release|Win32.Build.0 = Release|Win32
		{A8D46C10-8F3F-47CA-AD5F-E3BB7C4A3678}.Debug|Win32.ActiveCfg = Debug|Win32
		{A8D46C10-8F3F-47CA-AD5F-E3BB7C4A3678}.Debug|Win32.Build.0 = Debug|Win32
		{A8D46C10-8F3F-47CA-AD5F-E3BB7C4A3678}.Release|Win32.ActiveCfg = Release|Win32
		{A8D46C10-8F3F-47CA-AD5F-E3BB7C4A3678}.Release|Win32.Build.0 = Release|Win32
		{2FB5B6EE-796F-429F-980E-14E822837105}.Debug|Win32.ActiveCfg = Debug|Win32
		{2FB5B6EE-796F-429F-980E-14E822837105}.Debug|Win32.Build.0 = Debug|Win32
		{2FB5B6EE-796F-429F-980E-14E822837105}.Release|Win32.ActiveCfg = Release|Win32
		{2FB5B6EE-796F-429F-980E-14E822837105}.Release|Win32.Build.0 = Release|Win32
		{9BBA76FE-45DD-4902-9421-BEA3EC2DCDB0}.Debug|Win32.ActiveCfg = Debug|Win32
		{9BBA76FE-45DD-4902-9421-BEA3EC2DCDB0}.Debug|Win32.Build.0 = Debug|Win32
		{9BBA76FE-45DD-4902-9421-BEA3EC2DCDB0}.Release|Win32.ActiveCfg = Release|Win32
		{9BBA76FE-45DD-4902-9421-BEA3EC2DCDB0}.Release|Win32.Build.0 = Release|Win32
		{BA514FA1-D029-4D25-91CC-255E5953FF6E}.Debug|Win32.ActiveCfg = Debug|Win32
		{BA514FA1-D029-4D25-91CC-255E5953FF6E}.Debug|Win32.Build.0 = Debug|Win32
		{BA514FA1-D029-4D25-91CC-255E5953FF6E}.Release|Win32.ActiveCfg = Release|Win32
		{BA514FA1-D029-4D25-91CC-255E5953FF6E}.Release|Win32.Build.0 = Release|Win32
		{B3E35063-CB41-4F77-BFCA-49BB316B0EDB}.Debug|Win32.ActiveCfg = Debug|Win32
		{B3E35063-CB41-4F77-BFCA-49BB316B0EDB}.Debug|Win32.Build.0 = Debug|Win32
		{B3E35063-CB41-4F77-BFCA-49BB316B0EDB}.Release|Win32.ActiveCfg = Release|Win32
		{B3E35063-CB41-4F77-BFCA-49BB316B0EDB}.Release|Win32.Build.0 = Release|Win32
		{2D532F83-02F3-4169-9778-23E52D951FDE}.Debug|Win32.ActiveCfg = Debug|Win32
		{2D532F83-02F3-4169-9778-23E52D951FDE}.Debug|Win32.Build.0 = Debug|Win32
		{2D532F83-02F3-4169-9778-23E52D951FDE}.Release|Win32.ActiveCfg = Release|Win32
		{2D532F83-02F3-4169-9778-23E52D951FDE}.Release|Win32.Build.0 = Release|Win32
		{4980F98D-7887-4272-B156-8E7C8AAA4F50}.Debug|Win32.ActiveCfg = Debug|Win32
		{4980F98D-7887-4272-B156-8E7C8AAA4F50}.Debug|Win32.Build.0 = Debug|Win32
		{4980F98D-7887-4272-B156-8E7C8AAA4F50}.Release|Win32.ActiveCfg = Release|Win32
		{4980F98D-7887-4272-B156-8E7C8AAA4F50}.Release|Win32.Build.0 = Release|Win32
		{ACCC3A24-56CD-4543-81F3-5F6A5E24F338}.Debug|Win32.ActiveCfg = Debug|Win32
		{ACCC3A24-56CD-4543-81F3-5F6A5E24F338}.Debug|Win32.Build.0 = Debug|Win32
		{ACCC3A24-56CD-4543-81F3-5F6A5E24F338}.Release|Win32.ActiveCfg = Release|Win32
		{ACCC3A24-56CD-4543-81F3-5F6A5E24F338}.Release|Win32.Build.0 = Release|Win32
		{A66F0D85-174F-4AFE-A44E-7FAE3D3727BC}.Debug|Win32.ActiveCfg = Debug|Win32
		{A66F0D85-174F-4AFE-A44E-7FAE3D3727BC}.Debug|Win32.Build.0 = Debug|Win32
		{A66F0D85-174F-4AFE-A44E-7FAE3D3727BC}.Release|Win32.ActiveCfg = Release|Win32
		{A66F0D85-174F-4AFE-A44E-7FAE3D3727BC}.Release|Win32.Build.0 = Release|Win32
		{76EF8599-7AB0-4C8D-997B-AAEEE724A5D0}.Debug|Win32.ActiveCfg = Debug|Win32
		{76EF8599-7AB0-4C8D-997B-AAEEE724A5D0}.Debug|Win32.Build.0 = Debug|Win32
		{76EF8599-7AB0-4C8D-997B-AAEEE724A5D0}.Release|Win32.ActiveCfg = Release|Win32
		{76EF8599-7AB0-4C8D-997B-AAEEE724A5D0}.Release|Win32.Build.0 = Release|Win32
		{0026A4C2-655A-4C03-B6CA-B1EAF79FA4D1}.Debug|Win32.ActiveCfg = Debug|Win32
		{0026A4C2-655A-4C03-B6CA-B1EAF79FA4D1}.Debug|Win32.Build.0 = Debug|Win32
		{0026A4C2-655A-4C03-B6CA-B1EAF79FA4D1}.Release|Win32.ActiveCfg = Release|Win32
		{0026A4C2-655A-4C03-B6CA-B1EAF79FA4D1}.Release|Win32.Build.0 = Release|Win32
		{1E92CC4B-9ED5-4CD4-BD35-061F25126523}.Debug|Win32.ActiveCfg = Debug|Win32
		{1E92CC4B-9ED5-4CD4-BD35-061F25126523}.Debug|Win32.Build.0 = Debug|Win32
		{1E92CC4B-9ED5-4CD4-BD35-061F25126523}.Release|Win32.ActiveCfg = Release|Win32
		{1E92CC4B-9ED5-4CD4-BD35-061F25126523}.Release|Win32.Build.0 = Release|Win32
		{56178F08-8783-4ADA-820C-20C06412678E}.Debug|Win32.ActiveCfg = Debug|Win32
		{56178F08-8783-4ADA-820C-20C06412678E}.Debug|Win32.Build.0 = Debug|Win32
		{56178F08-8783-4ADA-820C-20C06412678E}.Release|Win32.ActiveCfg = Release|Win32
		{56178F08-8783-4ADA-820C-20C06412678E}.Release|Win32.Build.0 = Release|Win32
		{F1F44607-FB9E-428C-AD8F-56F98699D121}.Debug|Win32.ActiveCfg = Debug|Win32
		{F1F44607-FB9E-428C-AD8F-56F98699D121}.Debug|Win32.Build.0 = Debug|Win32
		{F1F44607-FB9E-428C-AD8F-56F98699D121}.Release|Win32.ActiveCfg = Release|Win32
		{F1F44607-FB9E-428C-AD8F-56F98699D121}.Release|Win32.Build.0 = Release|Win32
		{33EE34FC-A12F-47FE-9FD6-8B74D08718C7}.Debug|Win32.ActiveCfg = Debug|Win32
		{33EE34FC-A12F-47FE-9FD6-8B74D08718C7}.Debug|Win32.Build.0 = Debug|Win32
		{33EE34FC-A12F-47FE-9FD6-8B74D08718C7}.Release|Win32.ActiveCfg = Release|Win32
		{33EE34FC-A12F-47FE-9FD6-8B74D08718C7}.Release|Win32.Build.0 = Release|Win32
		{91A7D475-1238-4872-BEAE-143E1FCEA297}.Debug|Win32.ActiveCfg = Debug|Win32
		{91A7D475-1238-4872-BEAE-143E1FCEA297}.Debug|Win32.Build.0 = Debug|Win32
		{91A7D475-1238-4872-BEAE-143E1FCEA297}.Release|Win32.ActiveCfg = Release|Win32
		{91A7D475-1238-4872-BEAE-143E1FCEA297}.Release|Win32.Build.0 = Release|Win32
		{BF1E708D-D374-4DE1-A0D3-6D8DB4B4F7FA}.Debug|Win32.ActiveCfg = Debug|Win32
		{BF1E708D-D374-4DE1-A0D3-6D8DB4B4F7FA}.Debug|Win32.Build.0 = Debug|Win32
		{BF1E708D-D374-4DE1-A0D3-6D8DB4B4F7FA}.Release|Win32.ActiveCfg = Release|Win32
		{BF1E708D-D374-4DE1-A0D3-6D8DB4B4F7FA}.Release|Win32.Build.0 = Release|Win32
		{F55D43D3-AD63-4B19-B67A-47064227F3E3}.Debug|Win32.ActiveCfg = Debug|Win32
		{F55D43D3-AD63-4B19-B67A-47064227F3E3}.Debug|Win32.Build.0 = Debug|Win32
		{F55D43D3-AD63-4B19-B67A-47064227F3E3}.Release|Win32.ActiveCfg = Release|Win32
		{F55D43D3-AD63-4B19-B67A-47064227F3E3}.Release|Win32.Build.0 = Release|Win32
		{55A727F0-B5C8-48E8-9EF2-D5DAF679C520}.Debug|Win32.ActiveCfg = Debug|Win32
		{55A727F0-B5C8-48E8-9EF2-D5DAF679C520}.Debug|Win32.Build.0 = Debug|Win32
		{55A727F0-B5C8-48E8-9EF2-D5DAF679C520}.Release|Win32.ActiveCfg = Release|Win32
		{55A727F0-B5C8-48E8-9EF2-D5DAF679C520}.Release|Win32.Build.0 = Release|Win32
		{95B64699-4B93-4BFE-9024-0A2302D9B71A}.Debug|Win32.ActiveCfg = Debug|Win32
		{95B64699-4B93-4BFE-9024-0A2302D9B71A}.Debug|Win32.Build.0 = Debug|Win32
		{95B64699-4B93-4BFE-9024-0A2302D9B71A}.Release|Win32.ActiveCfg = Release|Win32
		{95B64699-4B93-4BFE-9024-0A2302D9B71A}.Release|Win32.Build.0 = Release|Win32
	EndGlobalSection
	GlobalSection(SolutionProperties) = preSolution
		HideSolutionNode = FALSE
	EndGlobalSection
EndGlobal
